
Microsoft Visual Studio Solution File, Format Version 12.00
# Visual Studio Version 17
VisualStudioVersion = 17.8.34309.116
MinimumVisualStudioVersion = 10.0.40219.1
Project("{FAE04EC0-301F-11D3-BF4B-00C04F79EFBC}") = "laba 5", "laba 5\laba 5.csproj", "{7503E042-9CC1-48C4-ADF5-71505307F384}"
EndProject
Global
	GlobalSection(SolutionConfigurationPlatforms) = preSolution
		Debug|Any CPU = Debug|Any CPU
		Release|Any CPU = Release|Any CPU
	EndGlobalSection
	GlobalSection(ProjectConfigurationPlatforms) = postSolution
		{7503E042-9CC1-48C4-ADF5-71505307F384}.Debug|Any CPU.ActiveCfg = Debug|Any CPU
		{7503E042-9CC1-48C4-ADF5-71505307F384}.Debug|Any CPU.Build.0 = Debug|Any CPU
		{7503E042-9CC1-48C4-ADF5-71505307F384}.Release|Any CPU.ActiveCfg = Release|Any CPU
		{7503E042-9CC1-48C4-ADF5-71505307F384}.Release|Any CPU.Build.0 = Release|Any CPU
	EndGlobalSection
	GlobalSection(SolutionProperties) = preSolution
		HideSolutionNode = FALSE
	EndGlobalSection
	GlobalSection(ExtensibilityGlobals) = postSolution
		SolutionGuid = {CB985A70-BB16-431B-9507-B90F1A0F8E41}
	EndGlobalSection
EndGlobal
